
Microsoft Visual Studio Solution File, Format Version 12.00
# Visual Studio 15
VisualStudioVersion = 15.0.28307.106
MinimumVisualStudioVersion = 10.0.40219.1
Project("{FAE04EC0-301F-11D3-BF4B-00C04F79EFBC}") = "TemaGhicesteNr", "TemaGhicesteNr\TemaGhicesteNr.csproj", "{3719C2CC-DA29-48F6-8547-3E17E3FDD000}"
EndProject
Global
	GlobalSection(SolutionConfigurationPlatforms) = preSolution
		Debug|Any CPU = Debug|Any CPU
		Release|Any CPU = Release|Any CPU
	EndGlobalSection
	GlobalSection(ProjectConfigurationPlatforms) = postSolution
		{3719C2CC-DA29-48F6-8547-3E17E3FDD000}.Debug|Any CPU.ActiveCfg = Debug|Any CPU
		{3719C2CC-DA29-48F6-8547-3E17E3FDD000}.Debug|Any CPU.Build.0 = Debug|Any CPU
		{3719C2CC-DA29-48F6-8547-3E17E3FDD000}.Release|Any CPU.ActiveCfg = Release|Any CPU
		{3719C2CC-DA29-48F6-8547-3E17E3FDD000}.Release|Any CPU.Build.0 = Release|Any CPU
	EndGlobalSection
	GlobalSection(SolutionProperties) = preSolution
		HideSolutionNode = FALSE
	EndGlobalSection
	GlobalSection(ExtensibilityGlobals) = postSolution
		SolutionGuid = {539ACB50-4528-4A52-AEB2-9758CCF1B9EB}
	EndGlobalSection
EndGlobal
